
Microsoft Visual Studio Solution File, Format Version 12.00
# Visual Studio Version 17
VisualStudioVersion = 17.9.34902.65
MinimumVisualStudioVersion = 10.0.40219.1
Project("{9A19103F-16F7-4668-BE54-9A1E7A4F7556}") = "DesignPattern", "DesignPattern.csproj", "{A8D0A7A9-3B6C-491E-9BB6-85BE92904856}"
EndProject
Project("{2150E333-8FDC-42A3-9474-1A3956D46DE8}") = "Solution Items", "Solution Items", "{0249A902-1A4F-4ACE-B8C6-C2333981315A}"
	ProjectSection(SolutionItems) = preProject
		.gitignore = .gitignore
	EndProjectSection
EndProject
Global
	GlobalSection(SolutionConfigurationPlatforms) = preSolution
		Debug|Any CPU = Debug|Any CPU
		Release|Any CPU = Release|Any CPU
	EndGlobalSection
	GlobalSection(ProjectConfigurationPlatforms) = postSolution
		{A8D0A7A9-3B6C-491E-9BB6-85BE92904856}.Debug|Any CPU.ActiveCfg = Debug|Any CPU
		{A8D0A7A9-3B6C-491E-9BB6-85BE92904856}.Debug|Any CPU.Build.0 = Debug|Any CPU
		{A8D0A7A9-3B6C-491E-9BB6-85BE92904856}.Release|Any CPU.ActiveCfg = Release|Any CPU
		{A8D0A7A9-3B6C-491E-9BB6-85BE92904856}.Release|Any CPU.Build.0 = Release|Any CPU
	EndGlobalSection
	GlobalSection(SolutionProperties) = preSolution
		HideSolutionNode = FALSE
	EndGlobalSection
	GlobalSection(ExtensibilityGlobals) = postSolution
		SolutionGuid = {125E3966-40FC-4F54-883E-7935E7BD39E0}
	EndGlobalSection
EndGlobal
